
Microsoft Visual Studio Solution File, Format Version 12.00
# Visual Studio Version 17
VisualStudioVersion = 17.8.34511.84
MinimumVisualStudioVersion = 10.0.40219.1
Project("{FAE04EC0-301F-11D3-BF4B-00C04F79EFBC}") = "text6", "text6\text6.csproj", "{D18527F6-B47D-4337-AC88-895D678B21FD}"
EndProject
Global
	GlobalSection(SolutionConfigurationPlatforms) = preSolution
		Debug|Any CPU = Debug|Any CPU
		Release|Any CPU = Release|Any CPU
	EndGlobalSection
	GlobalSection(ProjectConfigurationPlatforms) = postSolution
		{D18527F6-B47D-4337-AC88-895D678B21FD}.Debug|Any CPU.ActiveCfg = Debug|Any CPU
		{D18527F6-B47D-4337-AC88-895D678B21FD}.Debug|Any CPU.Build.0 = Debug|Any CPU
		{D18527F6-B47D-4337-AC88-895D678B21FD}.Release|Any CPU.ActiveCfg = Release|Any CPU
		{D18527F6-B47D-4337-AC88-895D678B21FD}.Release|Any CPU.Build.0 = Release|Any CPU
	EndGlobalSection
	GlobalSection(SolutionProperties) = preSolution
		HideSolutionNode = FALSE
	EndGlobalSection
	GlobalSection(ExtensibilityGlobals) = postSolution
		SolutionGuid = {29D3EE30-77D0-40AC-B99C-00A291149B9F}
	EndGlobalSection
EndGlobal
